// !$*UTF8*$!
{
	archiveVersion = 1;
	classes = {
	};
	objectVersion = 55;
	objects = {

/* Begin PBXBuildFile section */
		CB7F8ECE2ABC546C0061C02D /* IconPickerViewController.swift in Sources */ = {isa = PBXBuildFile; fileRef = CB7F8ECD2ABC546C0061C02D /* IconPickerViewController.swift */; };
		CB83763E2AB9C15F008296B4 /* DataModel.swift in Sources */ = {isa = PBXBuildFile; fileRef = CB83763D2AB9C15F008296B4 /* DataModel.swift */; };
		CBB282DE2AB470C800DFE216 /* AppDelegate.swift in Sources */ = {isa = PBXBuildFile; fileRef = CBB282DD2AB470C800DFE216 /* AppDelegate.swift */; };
		CBB282E02AB470C800DFE216 /* SceneDelegate.swift in Sources */ = {isa = PBXBuildFile; fileRef = CBB282DF2AB470C800DFE216 /* SceneDelegate.swift */; };
		CBB282E22AB470C800DFE216 /* ChecklistViewController.swift in Sources */ = {isa = PBXBuildFile; fileRef = CBB282E12AB470C800DFE216 /* ChecklistViewController.swift */; };
		CBB282E52AB470C800DFE216 /* Main.storyboard in Resources */ = {isa = PBXBuildFile; fileRef = CBB282E32AB470C800DFE216 /* Main.storyboard */; };
		CBB282E72AB470CC00DFE216 /* Assets.xcassets in Resources */ = {isa = PBXBuildFile; fileRef = CBB282E62AB470CC00DFE216 /* Assets.xcassets */; };
		CBB282F22AB48EB700DFE216 /* ChecklistItem.swift in Sources */ = {isa = PBXBuildFile; fileRef = CBB282F12AB48EB700DFE216 /* ChecklistItem.swift */; };
		CBB282F42AB49FDD00DFE216 /* AddEditItemViewController.swift in Sources */ = {isa = PBXBuildFile; fileRef = CBB282F32AB49FDD00DFE216 /* AddEditItemViewController.swift */; };
		CBB282F62AB86CF500DFE216 /* AllListsViewController.swift in Sources */ = {isa = PBXBuildFile; fileRef = CBB282F52AB86CF500DFE216 /* AllListsViewController.swift */; };
		CBB282F82AB8771100DFE216 /* Checklist.swift in Sources */ = {isa = PBXBuildFile; fileRef = CBB282F72AB8771100DFE216 /* Checklist.swift */; };
		CBB282FA2AB87E2500DFE216 /* ListDetailViewController.swift in Sources */ = {isa = PBXBuildFile; fileRef = CBB282F92AB87E2500DFE216 /* ListDetailViewController.swift */; };
/* End PBXBuildFile section */

/* Begin PBXFileReference section */
		CB7F8ECD2ABC546C0061C02D /* IconPickerViewController.swift */ = {isa = PBXFileReference; lastKnownFileType = sourcecode.swift; path = IconPickerViewController.swift; sourceTree = "<group>"; };
		CB83763D2AB9C15F008296B4 /* DataModel.swift */ = {isa = PBXFileReference; lastKnownFileType = sourcecode.swift; path = DataModel.swift; sourceTree = "<group>"; };
		CBB282DA2AB470C800DFE216 /* Checklist.app */ = {isa = PBXFileReference; explicitFileType = wrapper.application; includeInIndex = 0; path = Checklist.app; sourceTree = BUILT_PRODUCTS_DIR; };
		CBB282DD2AB470C800DFE216 /* AppDelegate.swift */ = {isa = PBXFileReference; lastKnownFileType = sourcecode.swift; path = AppDelegate.swift; sourceTree = "<group>"; };
		CBB282DF2AB470C800DFE216 /* SceneDelegate.swift */ = {isa = PBXFileReference; lastKnownFileType = sourcecode.swift; path = SceneDelegate.swift; sourceTree = "<group>"; };
		CBB282E12AB470C800DFE216 /* ChecklistViewController.swift */ = {isa = PBXFileReference; lastKnownFileType = sourcecode.swift; path = ChecklistViewController.swift; sourceTree = "<group>"; };
		CBB282E42AB470C800DFE216 /* Base */ = {isa = PBXFileReference; lastKnownFileType = file.storyboard; name = Base; path = Base.lproj/Main.storyboard; sourceTree = "<group>"; };
		CBB282E62AB470CC00DFE216 /* Assets.xcassets */ = {isa = PBXFileReference; lastKnownFileType = folder.assetcatalog; path = Assets.xcassets; sourceTree = "<group>"; };
		CBB282EB2AB470CC00DFE216 /* Info.plist */ = {isa = PBXFileReference; lastKnownFileType = text.plist.xml; path = Info.plist; sourceTree = "<group>"; };
		CBB282F12AB48EB700DFE216 /* ChecklistItem.swift */ = {isa = PBXFileReference; lastKnownFileType = sourcecode.swift; path = ChecklistItem.swift; sourceTree = "<group>"; };
		CBB282F32AB49FDD00DFE216 /* AddEditItemViewController.swift */ = {isa = PBXFileReference; lastKnownFileType = sourcecode.swift; path = AddEditItemViewController.swift; sourceTree = "<group>"; };
		CBB282F52AB86CF500DFE216 /* AllListsViewController.swift */ = {isa = PBXFileReference; lastKnownFileType = sourcecode.swift; path = AllListsViewController.swift; sourceTree = "<group>"; };
		CBB282F72AB8771100DFE216 /* Checklist.swift */ = {isa = PBXFileReference; lastKnownFileType = sourcecode.swift; path = Checklist.swift; sourceTree = "<group>"; };
		CBB282F92AB87E2500DFE216 /* ListDetailViewController.swift */ = {isa = PBXFileReference; lastKnownFileType = sourcecode.swift; path = ListDetailViewController.swift; sourceTree = "<group>"; };
/* End PBXFileReference section */

/* Begin PBXFrameworksBuildPhase section */
		CBB282D72AB470C800DFE216 /* Frameworks */ = {
			isa = PBXFrameworksBuildPhase;
			buildActionMask = 2147483647;
			files = (
			);
			runOnlyForDeploymentPostprocessing = 0;
		};
/* End PBXFrameworksBuildPhase section */

/* Begin PBXGroup section */
		CB7F8EC92ABAF7EF0061C02D /* Data Models */ = {
			isa = PBXGroup;
			children = (
				CB83763D2AB9C15F008296B4 /* DataModel.swift */,
				CBB282F12AB48EB700DFE216 /* ChecklistItem.swift */,
				CBB282F72AB8771100DFE216 /* Checklist.swift */,
			);
			path = "Data Models";
			sourceTree = "<group>";
		};
		CB7F8ECB2ABAF8420061C02D /* View Controllers */ = {
			isa = PBXGroup;
			children = (
				CBB282F92AB87E2500DFE216 /* ListDetailViewController.swift */,
				CBB282F32AB49FDD00DFE216 /* AddEditItemViewController.swift */,
				CBB282F52AB86CF500DFE216 /* AllListsViewController.swift */,
				CBB282E12AB470C800DFE216 /* ChecklistViewController.swift */,
				CB7F8ECD2ABC546C0061C02D /* IconPickerViewController.swift */,
			);
			path = "View Controllers";
			sourceTree = "<group>";
		};
		CB7F8ECC2ABAF86F0061C02D /* Resources */ = {
			isa = PBXGroup;
			children = (
				CBB282E62AB470CC00DFE216 /* Assets.xcassets */,
				CBB282E32AB470C800DFE216 /* Main.storyboard */,
			);
			path = Resources;
			sourceTree = "<group>";
		};
		CBB282D12AB470C800DFE216 = {
			isa = PBXGroup;
			children = (
				CBB282DC2AB470C800DFE216 /* Checklist */,
				CBB282DB2AB470C800DFE216 /* Products */,
			);
			sourceTree = "<group>";
		};
		CBB282DB2AB470C800DFE216 /* Products */ = {
			isa = PBXGroup;
			children = (
				CBB282DA2AB470C800DFE216 /* Checklist.app */,
			);
			name = Products;
			sourceTree = "<group>";
		};
		CBB282DC2AB470C800DFE216 /* Checklist */ = {
			isa = PBXGroup;
			children = (
				CBB282EB2AB470CC00DFE216 /* Info.plist */,
				CBB282DD2AB470C800DFE216 /* AppDelegate.swift */,
				CBB282DF2AB470C800DFE216 /* SceneDelegate.swift */,
				CB7F8EC92ABAF7EF0061C02D /* Data Models */,
				CB7F8ECC2ABAF86F0061C02D /* Resources */,
				CB7F8ECB2ABAF8420061C02D /* View Controllers */,
			);
			path = Checklist;
			sourceTree = "<group>";
		};
/* End PBXGroup section */

/* Begin PBXNativeTarget section */
		CBB282D92AB470C800DFE216 /* Checklist */ = {
			isa = PBXNativeTarget;
			buildConfigurationList = CBB282EE2AB470CC00DFE216 /* Build configuration list for PBXNativeTarget "Checklist" */;
			buildPhases = (
				CBB282D62AB470C800DFE216 /* Sources */,
				CBB282D72AB470C800DFE216 /* Frameworks */,
				CBB282D82AB470C800DFE216 /* Resources */,
			);
			buildRules = (
			);
			dependencies = (
			);
			name = Checklist;
			productName = Checklist;
			productReference = CBB282DA2AB470C800DFE216 /* Checklist.app */;
			productType = "com.apple.product-type.application";
		};
/* End PBXNativeTarget section */

/* Begin PBXProject section */
		CBB282D22AB470C800DFE216 /* Project object */ = {
			isa = PBXProject;
			attributes = {
				BuildIndependentTargetsInParallel = 1;
				LastSwiftUpdateCheck = 1320;
				LastUpgradeCheck = 1320;
				TargetAttributes = {
					CBB282D92AB470C800DFE216 = {
						CreatedOnToolsVersion = 13.2.1;
					};
				};
			};
			buildConfigurationList = CBB282D52AB470C800DFE216 /* Build configuration list for PBXProject "Checklist" */;
			compatibilityVersion = "Xcode 13.0";
			developmentRegion = en;
			hasScannedForEncodings = 0;
			knownRegions = (
				en,
				Base,
			);
			mainGroup = CBB282D12AB470C800DFE216;
			productRefGroup = CBB282DB2AB470C800DFE216 /* Products */;
			projectDirPath = "";
			projectRoot = "";
			targets = (
				CBB282D92AB470C800DFE216 /* Checklist */,
			);
		};
/* End PBXProject section */

/* Begin PBXResourcesBuildPhase section */
		CBB282D82AB470C800DFE216 /* Resources */ = {
			isa = PBXResourcesBuildPhase;
			buildActionMask = 2147483647;
			files = (
				CBB282E72AB470CC00DFE216 /* Assets.xcassets in Resources */,
				CBB282E52AB470C800DFE216 /* Main.storyboard in Resources */,
			);
			runOnlyForDeploymentPostprocessing = 0;
		};
/* End PBXResourcesBuildPhase section */

/* Begin PBXSourcesBuildPhase section */
		CBB282D62AB470C800DFE216 /* Sources */ = {
			isa = PBXSourcesBuildPhase;
			buildActionMask = 2147483647;
			files = (
				CBB282E22AB470C800DFE216 /* ChecklistViewController.swift in Sources */,
				CBB282F42AB49FDD00DFE216 /* AddEditItemViewController.swift in Sources */,
				CBB282F62AB86CF500DFE216 /* AllListsViewController.swift in Sources */,
				CB7F8ECE2ABC546C0061C02D /* IconPickerViewController.swift in Sources */,
				CBB282F82AB8771100DFE216 /* Checklist.swift in Sources */,
				CBB282DE2AB470C800DFE216 /* AppDelegate.swift in Sources */,
				CBB282E02AB470C800DFE216 /* SceneDelegate.swift in Sources */,
				CBB282F22AB48EB700DFE216 /* ChecklistItem.swift in Sources */,
				CBB282FA2AB87E2500DFE216 /* ListDetailViewController.swift in Sources */,
				CB83763E2AB9C15F008296B4 /* DataModel.swift in Sources */,
			);
			runOnlyForDeploymentPostprocessing = 0;
		};
/* End PBXSourcesBuildPhase section */

/* Begin PBXVariantGroup section */
		CBB282E32AB470C800DFE216 /* Main.storyboard */ = {
			isa = PBXVariantGroup;
			children = (
				CBB282E42AB470C800DFE216 /* Base */,
			);
			name = Main.storyboard;
			sourceTree = "<group>";
		};
/* End PBXVariantGroup section */

/* Begin XCBuildConfiguration section */
		CBB282EC2AB470CC00DFE216 /* Debug */ = {
			isa = XCBuildConfiguration;
			buildSettings = {
				ALWAYS_SEARCH_USER_PATHS = NO;
				CLANG_ANALYZER_NONNULL = YES;
				CLANG_ANALYZER_NUMBER_OBJECT_CONVERSION = YES_AGGRESSIVE;
				CLANG_CXX_LANGUAGE_STANDARD = "gnu++17";
				CLANG_CXX_LIBRARY = "libc++";
				CLANG_ENABLE_MODULES = YES;
				CLANG_ENABLE_OBJC_ARC = YES;
				CLANG_ENABLE_OBJC_WEAK = YES;
				CLANG_WARN_BLOCK_CAPTURE_AUTORELEASING = YES;
				CLANG_WARN_BOOL_CONVERSION = YES;
				CLANG_WARN_COMMA = YES;
				CLANG_WARN_CONSTANT_CONVERSION = YES;
				CLANG_WARN_DEPRECATED_OBJC_IMPLEMENTATIONS = YES;
				CLANG_WARN_DIRECT_OBJC_ISA_USAGE = YES_ERROR;
				CLANG_WARN_DOCUMENTATION_COMMENTS = YES;
				CLANG_WARN_EMPTY_BODY = YES;
				CLANG_WARN_ENUM_CONVERSION = YES;
				CLANG_WARN_INFINITE_RECURSION = YES;
				CLANG_WARN_INT_CONVERSION = YES;
				CLANG_WARN_NON_LITERAL_NULL_CONVERSION = YES;
				CLANG_WARN_OBJC_IMPLICIT_RETAIN_SELF = YES;
				CLANG_WARN_OBJC_LITERAL_CONVERSION = YES;
				CLANG_WARN_OBJC_ROOT_CLASS = YES_ERROR;
				CLANG_WARN_QUOTED_INCLUDE_IN_FRAMEWORK_HEADER = YES;
				CLANG_WARN_RANGE_LOOP_ANALYSIS = YES;
				CLANG_WARN_STRICT_PROTOTYPES = YES;
				CLANG_WARN_SUSPICIOUS_MOVE = YES;
				CLANG_WARN_UNGUARDED_AVAILABILITY = YES_AGGRESSIVE;
				CLANG_WARN_UNREACHABLE_CODE = YES;
				CLANG_WARN__DUPLICATE_METHOD_MATCH = YES;
				COPY_PHASE_STRIP = NO;
				DEBUG_INFORMATION_FORMAT = dwarf;
				ENABLE_STRICT_OBJC_MSGSEND = YES;
				ENABLE_TESTABILITY = YES;
				GCC_C_LANGUAGE_STANDARD = gnu11;
				GCC_DYNAMIC_NO_PIC = NO;
				GCC_NO_COMMON_BLOCKS = YES;
				GCC_OPTIMIZATION_LEVEL = 0;
				GCC_PREPROCESSOR_DEFINITIONS = (
					"DEBUG=1",
					"$(inherited)",
				);
				GCC_WARN_64_TO_32_BIT_CONVERSION = YES;
				GCC_WARN_ABOUT_RETURN_TYPE = YES_ERROR;
				GCC_WARN_UNDECLARED_SELECTOR = YES;
				GCC_WARN_UNINITIALIZED_AUTOS = YES_AGGRESSIVE;
				GCC_WARN_UNUSED_FUNCTION = YES;
				GCC_WARN_UNUSED_VARIABLE = YES;
				IPHONEOS_DEPLOYMENT_TARGET = 15.2;
				MTL_ENABLE_DEBUG_INFO = INCLUDE_SOURCE;
				MTL_FAST_MATH = YES;
				ONLY_ACTIVE_ARCH = YES;
				SDKROOT = iphoneos;
				SWIFT_ACTIVE_COMPILATION_CONDITIONS = DEBUG;
				SWIFT_OPTIMIZATION_LEVEL = "-Onone";
			};
			name = Debug;
		};
		CBB282ED2AB470CC00DFE216 /* Release */ = {
			isa = XCBuildConfiguration;
			buildSettings = {
				ALWAYS_SEARCH_USER_PATHS = NO;
				CLANG_ANALYZER_NONNULL = YES;
				CLANG_ANALYZER_NUMBER_OBJECT_CONVERSION = YES_AGGRESSIVE;
				CLANG_CXX_LANGUAGE_STANDARD = "gnu++17";
				CLANG_CXX_LIBRARY = "libc++";
				CLANG_ENABLE_MODULES = YES;
				CLANG_ENABLE_OBJC_ARC = YES;
				CLANG_ENABLE_OBJC_WEAK = YES;
				CLANG_WARN_BLOCK_CAPTURE_AUTORELEASING = YES;
				CLANG_WARN_BOOL_CONVERSION = YES;
				CLANG_WARN_COMMA = YES;
				CLANG_WARN_CONSTANT_CONVERSION = YES;
				CLANG_WARN_DEPRECATED_OBJC_IMPLEMENTATIONS = YES;
				CLANG_WARN_DIRECT_OBJC_ISA_USAGE = YES_ERROR;
				CLANG_WARN_DOCUMENTATION_COMMENTS = YES;
				CLANG_WARN_EMPTY_BODY = YES;
				CLANG_WARN_ENUM_CONVERSION = YES;
				CLANG_WARN_INFINITE_RECURSION = YES;
				CLANG_WARN_INT_CONVERSION = YES;
				CLANG_WARN_NON_LITERAL_NULL_CONVERSION = YES;
				CLANG_WARN_OBJC_IMPLICIT_RETAIN_SELF = YES;
				CLANG_WARN_OBJC_LITERAL_CONVERSION = YES;
				CLANG_WARN_OBJC_ROOT_CLASS = YES_ERROR;
				CLANG_WARN_QUOTED_INCLUDE_IN_FRAMEWORK_HEADER = YES;
				CLANG_WARN_RANGE_LOOP_ANALYSIS = YES;
				CLANG_WARN_STRICT_PROTOTYPES = YES;
				CLANG_WARN_SUSPICIOUS_MOVE = YES;
				CLANG_WARN_UNGUARDED_AVAILABILITY = YES_AGGRESSIVE;
				CLANG_WARN_UNREACHABLE_CODE = YES;
				CLANG_WARN__DUPLICATE_METHOD_MATCH = YES;
				COPY_PHASE_STRIP = NO;
				DEBUG_INFORMATION_FORMAT = "dwarf-with-dsym";
				ENABLE_NS_ASSERTIONS = NO;
				ENABLE_STRICT_OBJC_MSGSEND = YES;
				GCC_C_LANGUAGE_STANDARD = gnu11;
				GCC_NO_COMMON_BLOCKS = YES;
				GCC_WARN_64_TO_32_BIT_CONVERSION = YES;
				GCC_WARN_ABOUT_RETURN_TYPE = YES_ERROR;
				GCC_WARN_UNDECLARED_SELECTOR = YES;
				GCC_WARN_UNINITIALIZED_AUTOS = YES_AGGRESSIVE;
				GCC_WARN_UNUSED_FUNCTION = YES;
				GCC_WARN_UNUSED_VARIABLE = YES;
				IPHONEOS_DEPLOYMENT_TARGET = 15.2;
				MTL_ENABLE_DEBUG_INFO = NO;
				MTL_FAST_MATH = YES;
				SDKROOT = iphoneos;
				SWIFT_COMPILATION_MODE = wholemodule;
				SWIFT_OPTIMIZATION_LEVEL = "-O";
				VALIDATE_PRODUCT = YES;
			};
			name = Release;
		};
		CBB282EF2AB470CC00DFE216 /* Debug */ = {
			isa = XCBuildConfiguration;
			buildSettings = {
				ASSETCATALOG_COMPILER_APPICON_NAME = AppIcon;
				ASSETCATALOG_COMPILER_GLOBAL_ACCENT_COLOR_NAME = AccentColor;
				CODE_SIGN_STYLE = Automatic;
				CURRENT_PROJECT_VERSION = 1;
				DEVELOPMENT_TEAM = 6R745W9P4G;
				GENERATE_INFOPLIST_FILE = YES;
				INFOPLIST_FILE = Checklist/Info.plist;
				INFOPLIST_KEY_UIApplicationSupportsIndirectInputEvents = YES;
				INFOPLIST_KEY_UILaunchStoryboardName = Main;
				INFOPLIST_KEY_UIMainStoryboardFile = Main;
				INFOPLIST_KEY_UISupportedInterfaceOrientations = UIInterfaceOrientationPortrait;
				INFOPLIST_KEY_UISupportedInterfaceOrientations_iPad = "UIInterfaceOrientationPortrait UIInterfaceOrientationPortraitUpsideDown UIInterfaceOrientationLandscapeLeft UIInterfaceOrientationLandscapeRight";
				INFOPLIST_KEY_UISupportedInterfaceOrientations_iPhone = "UIInterfaceOrientationPortrait UIInterfaceOrientationLandscapeLeft UIInterfaceOrientationLandscapeRight";
				LD_RUNPATH_SEARCH_PATHS = (
					"$(inherited)",
					"@executable_path/Frameworks",
				);
				MARKETING_VERSION = 1.0;
				PRODUCT_BUNDLE_IDENTIFIER = fredrickosuala.Checklist;
				PRODUCT_NAME = "$(TARGET_NAME)";
				SWIFT_EMIT_LOC_STRINGS = YES;
				SWIFT_VERSION = 5.0;
				TARGETED_DEVICE_FAMILY = "1,2";
			};
			name = Debug;
		};
		CBB282F02AB470CC00DFE216 /* Release */ = {
			isa = XCBuildConfiguration;
			buildSettings = {
				ASSETCATALOG_COMPILER_APPICON_NAME = AppIcon;
				ASSETCATALOG_COMPILER_GLOBAL_ACCENT_COLOR_NAME = AccentColor;
				CODE_SIGN_STYLE = Automatic;
				CURRENT_PROJECT_VERSION = 1;
				DEVELOPMENT_TEAM = 6R745W9P4G;
				GENERATE_INFOPLIST_FILE = YES;
				INFOPLIST_FILE = Checklist/Info.plist;
				INFOPLIST_KEY_UIApplicationSupportsIndirectInputEvents = YES;
				INFOPLIST_KEY_UILaunchStoryboardName = Main;
				INFOPLIST_KEY_UIMainStoryboardFile = Main;
				INFOPLIST_KEY_UISupportedInterfaceOrientations = UIInterfaceOrientationPortrait;
				INFOPLIST_KEY_UISupportedInterfaceOrientations_iPad = "UIInterfaceOrientationPortrait UIInterfaceOrientationPortraitUpsideDown UIInterfaceOrientationLandscapeLeft UIInterfaceOrientationLandscapeRight";
				INFOPLIST_KEY_UISupportedInterfaceOrientations_iPhone = "UIInterfaceOrientationPortrait UIInterfaceOrientationLandscapeLeft UIInterfaceOrientationLandscapeRight";
				LD_RUNPATH_SEARCH_PATHS = (
					"$(inherited)",
					"@executable_path/Frameworks",
				);
				MARKETING_VERSION = 1.0;
				PRODUCT_BUNDLE_IDENTIFIER = fredrickosuala.Checklist;
				PRODUCT_NAME = "$(TARGET_NAME)";
				SWIFT_EMIT_LOC_STRINGS = YES;
				SWIFT_VERSION = 5.0;
				TARGETED_DEVICE_FAMILY = "1,2";
			};
			name = Release;
		};
/* End XCBuildConfiguration section */

/* Begin XCConfigurationList section */
		CBB282D52AB470C800DFE216 /* Build configuration list for PBXProject "Checklist" */ = {
			isa = XCConfigurationList;
			buildConfigurations = (
				CBB282EC2AB470CC00DFE216 /* Debug */,
				CBB282ED2AB470CC00DFE216 /* Release */,
			);
			defaultConfigurationIsVisible = 0;
			defaultConfigurationName = Release;
		};
		CBB282EE2AB470CC00DFE216 /* Build configuration list for PBXNativeTarget "Checklist" */ = {
			isa = XCConfigurationList;
			buildConfigurations = (
				CBB282EF2AB470CC00DFE216 /* Debug */,
				CBB282F02AB470CC00DFE216 /* Release */,
			);
			defaultConfigurationIsVisible = 0;
			defaultConfigurationName = Release;
		};
/* End XCConfigurationList section */
	};
	rootObject = CBB282D22AB470C800DFE216 /* Project object */;
}
